
Microsoft Visual Studio Solution File, Format Version 12.00
# Visual Studio 15
VisualStudioVersion = 15.0.28307.902
MinimumVisualStudioVersion = 10.0.40219.1
Project("{9A19103F-16F7-4668-BE54-9A1E7A4F7556}") = "DiscoTranslator", "DiscoTranslator\DiscoTranslator.csproj", "{9CBB1AB9-A0E6-4236-B33E-2EE8E928CA7F}"
EndProject
Project("{2150E333-8FDC-42A3-9474-1A3956D46DE8}") = "Solution Items", "Solution Items", "{60DC73BC-7F67-487D-ABB1-EA70F9C6948C}"
	ProjectSection(SolutionItems) = preProject
		README.md = README.md
	EndProjectSection
EndProject
Global
	GlobalSection(SolutionConfigurationPlatforms) = preSolution
		Debug|Any CPU = Debug|Any CPU
		Release|Any CPU = Release|Any CPU
	EndGlobalSection
	GlobalSection(ProjectConfigurationPlatforms) = postSolution
		{9CBB1AB9-A0E6-4236-B33E-2EE8E928CA7F}.Debug|Any CPU.ActiveCfg = Debug|Any CPU
		{9CBB1AB9-A0E6-4236-B33E-2EE8E928CA7F}.Debug|Any CPU.Build.0 = Debug|Any CPU
		{9CBB1AB9-A0E6-4236-B33E-2EE8E928CA7F}.Release|Any CPU.ActiveCfg = Release|Any CPU
		{9CBB1AB9-A0E6-4236-B33E-2EE8E928CA7F}.Release|Any CPU.Build.0 = Release|Any CPU
	EndGlobalSection
	GlobalSection(SolutionProperties) = preSolution
		HideSolutionNode = FALSE
	EndGlobalSection
	GlobalSection(ExtensibilityGlobals) = postSolution
		SolutionGuid = {09610D14-AC78-474A-814A-C02979B32283}
	EndGlobalSection
EndGlobal
